// !$*UTF8*$!
{
	archiveVersion = 1;
	classes = {
	};
	objectVersion = 55;
	objects = {

/* Begin PBXBuildFile section */
		D0BA2F4F28B48F7C00A2EE72 /* Muscle_Peeling_AppApp.swift in Sources */ = {isa = PBXBuildFile; fileRef = D0BA2F4E28B48F7C00A2EE72 /* Muscle_Peeling_AppApp.swift */; };
		D0BA2F5128B48F7C00A2EE72 /* ContentView.swift in Sources */ = {isa = PBXBuildFile; fileRef = D0BA2F5028B48F7C00A2EE72 /* ContentView.swift */; };
		D0BA2F5328B48F7D00A2EE72 /* Assets.xcassets in Resources */ = {isa = PBXBuildFile; fileRef = D0BA2F5228B48F7D00A2EE72 /* Assets.xcassets */; };
		D0BA2F5628B48F7D00A2EE72 /* Preview Assets.xcassets in Resources */ = {isa = PBXBuildFile; fileRef = D0BA2F5528B48F7D00A2EE72 /* Preview Assets.xcassets */; };
/* End PBXBuildFile section */

/* Begin PBXContainerItemProxy section */
		D0BA2F5C28B48F7D00A2EE72 /* PBXContainerItemProxy */ = {
			isa = PBXContainerItemProxy;
			containerPortal = D0BA2F4328B48F7C00A2EE72 /* Project object */;
			proxyType = 1;
			remoteGlobalIDString = D0BA2F4A28B48F7C00A2EE72;
			remoteInfo = "Muscle-Peeling-App";
		};
		D0BA2F6628B48F7D00A2EE72 /* PBXContainerItemProxy */ = {
			isa = PBXContainerItemProxy;
			containerPortal = D0BA2F4328B48F7C00A2EE72 /* Project object */;
			proxyType = 1;
			remoteGlobalIDString = D0BA2F4A28B48F7C00A2EE72;
			remoteInfo = "Muscle-Peeling-App";
		};
/* End PBXContainerItemProxy section */

/* Begin PBXFileReference section */
		D0BA2F4B28B48F7C00A2EE72 /* Muscle-Peeling-App.app */ = {isa = PBXFileReference; explicitFileType = wrapper.application; includeInIndex = 0; path = "Muscle-Peeling-App.app"; sourceTree = BUILT_PRODUCTS_DIR; };
		D0BA2F4E28B48F7C00A2EE72 /* Muscle_Peeling_AppApp.swift */ = {isa = PBXFileReference; lastKnownFileType = sourcecode.swift; path = Muscle_Peeling_AppApp.swift; sourceTree = "<group>"; };
		D0BA2F5028B48F7C00A2EE72 /* ContentView.swift */ = {isa = PBXFileReference; lastKnownFileType = sourcecode.swift; path = ContentView.swift; sourceTree = "<group>"; };
		D0BA2F5228B48F7D00A2EE72 /* Assets.xcassets */ = {isa = PBXFileReference; lastKnownFileType = folder.assetcatalog; path = Assets.xcassets; sourceTree = "<group>"; };
		D0BA2F5528B48F7D00A2EE72 /* Preview Assets.xcassets */ = {isa = PBXFileReference; lastKnownFileType = folder.assetcatalog; path = "Preview Assets.xcassets"; sourceTree = "<group>"; };
		D0BA2F5B28B48F7D00A2EE72 /* Muscle-Peeling-AppTests.xctest */ = {isa = PBXFileReference; explicitFileType = wrapper.cfbundle; includeInIndex = 0; path = "Muscle-Peeling-AppTests.xctest"; sourceTree = BUILT_PRODUCTS_DIR; };
		D0BA2F6528B48F7D00A2EE72 /* Muscle-Peeling-AppUITests.xctest */ = {isa = PBXFileReference; explicitFileType = wrapper.cfbundle; includeInIndex = 0; path = "Muscle-Peeling-AppUITests.xctest"; sourceTree = BUILT_PRODUCTS_DIR; };
/* End PBXFileReference section */

/* Begin PBXFrameworksBuildPhase section */
		D0BA2F4828B48F7C00A2EE72 /* Frameworks */ = {
			isa = PBXFrameworksBuildPhase;
			buildActionMask = 2147483647;
			files = (
			);
			runOnlyForDeploymentPostprocessing = 0;
		};
		D0BA2F5828B48F7D00A2EE72 /* Frameworks */ = {
			isa = PBXFrameworksBuildPhase;
			buildActionMask = 2147483647;
			files = (
			);
			runOnlyForDeploymentPostprocessing = 0;
		};
		D0BA2F6228B48F7D00A2EE72 /* Frameworks */ = {
			isa = PBXFrameworksBuildPhase;
			buildActionMask = 2147483647;
			files = (
			);
			runOnlyForDeploymentPostprocessing = 0;
		};
/* End PBXFrameworksBuildPhase section */

/* Begin PBXGroup section */
		D0BA2F4228B48F7C00A2EE72 = {
			isa = PBXGroup;
			children = (
				D0BA2F4D28B48F7C00A2EE72 /* Muscle-Peeling-App */,
				D0BA2F4C28B48F7C00A2EE72 /* Products */,
			);
			sourceTree = "<group>";
		};
		D0BA2F4C28B48F7C00A2EE72 /* Products */ = {
			isa = PBXGroup;
			children = (
				D0BA2F4B28B48F7C00A2EE72 /* Muscle-Peeling-App.app */,
				D0BA2F5B28B48F7D00A2EE72 /* Muscle-Peeling-AppTests.xctest */,
				D0BA2F6528B48F7D00A2EE72 /* Muscle-Peeling-AppUITests.xctest */,
			);
			name = Products;
			sourceTree = "<group>";
		};
		D0BA2F4D28B48F7C00A2EE72 /* Muscle-Peeling-App */ = {
			isa = PBXGroup;
			children = (
				D0BA2F4E28B48F7C00A2EE72 /* Muscle_Peeling_AppApp.swift */,
				D0BA2F5028B48F7C00A2EE72 /* ContentView.swift */,
				D0BA2F5228B48F7D00A2EE72 /* Assets.xcassets */,
				D0BA2F5428B48F7D00A2EE72 /* Preview Content */,
			);
			path = "Muscle-Peeling-App";
			sourceTree = "<group>";
		};
		D0BA2F5428B48F7D00A2EE72 /* Preview Content */ = {
			isa = PBXGroup;
			children = (
				D0BA2F5528B48F7D00A2EE72 /* Preview Assets.xcassets */,
			);
			path = "Preview Content";
			sourceTree = "<group>";
		};
/* End PBXGroup section */

/* Begin PBXNativeTarget section */
		D0BA2F4A28B48F7C00A2EE72 /* Muscle-Peeling-App */ = {
			isa = PBXNativeTarget;
			buildConfigurationList = D0BA2F6F28B48F7D00A2EE72 /* Build configuration list for PBXNativeTarget "Muscle-Peeling-App" */;
			buildPhases = (
				D0BA2F4728B48F7C00A2EE72 /* Sources */,
				D0BA2F4828B48F7C00A2EE72 /* Frameworks */,
				D0BA2F4928B48F7C00A2EE72 /* Resources */,
			);
			buildRules = (
			);
			dependencies = (
			);
			name = "Muscle-Peeling-App";
			productName = "Muscle-Peeling-App";
			productReference = D0BA2F4B28B48F7C00A2EE72 /* Muscle-Peeling-App.app */;
			productType = "com.apple.product-type.application";
		};
		D0BA2F5A28B48F7D00A2EE72 /* Muscle-Peeling-AppTests */ = {
			isa = PBXNativeTarget;
			buildConfigurationList = D0BA2F7228B48F7D00A2EE72 /* Build configuration list for PBXNativeTarget "Muscle-Peeling-AppTests" */;
			buildPhases = (
				D0BA2F5728B48F7D00A2EE72 /* Sources */,
				D0BA2F5828B48F7D00A2EE72 /* Frameworks */,
				D0BA2F5928B48F7D00A2EE72 /* Resources */,
			);
			buildRules = (
			);
			dependencies = (
				D0BA2F5D28B48F7D00A2EE72 /* PBXTargetDependency */,
			);
			name = "Muscle-Peeling-AppTests";
			productName = "Muscle-Peeling-AppTests";
			productReference = D0BA2F5B28B48F7D00A2EE72 /* Muscle-Peeling-AppTests.xctest */;
			productType = "com.apple.product-type.bundle.unit-test";
		};
		D0BA2F6428B48F7D00A2EE72 /* Muscle-Peeling-AppUITests */ = {
			isa = PBXNativeTarget;
			buildConfigurationList = D0BA2F7528B48F7D00A2EE72 /* Build configuration list for PBXNativeTarget "Muscle-Peeling-AppUITests" */;
			buildPhases = (
				D0BA2F6128B48F7D00A2EE72 /* Sources */,
				D0BA2F6228B48F7D00A2EE72 /* Frameworks */,
				D0BA2F6328B48F7D00A2EE72 /* Resources */,
			);
			buildRules = (
			);
			dependencies = (
				D0BA2F6728B48F7D00A2EE72 /* PBXTargetDependency */,
			);
			name = "Muscle-Peeling-AppUITests";
			productName = "Muscle-Peeling-AppUITests";
			productReference = D0BA2F6528B48F7D00A2EE72 /* Muscle-Peeling-AppUITests.xctest */;
			productType = "com.apple.product-type.bundle.ui-testing";
		};
/* End PBXNativeTarget section */

/* Begin PBXProject section */
		D0BA2F4328B48F7C00A2EE72 /* Project object */ = {
			isa = PBXProject;
			attributes = {
				BuildIndependentTargetsInParallel = 1;
				LastSwiftUpdateCheck = 1400;
				LastUpgradeCheck = 1400;
				TargetAttributes = {
					D0BA2F4A28B48F7C00A2EE72 = {
						CreatedOnToolsVersion = 14.0;
					};
					D0BA2F5A28B48F7D00A2EE72 = {
						CreatedOnToolsVersion = 14.0;
						TestTargetID = D0BA2F4A28B48F7C00A2EE72;
					};
					D0BA2F6428B48F7D00A2EE72 = {
						CreatedOnToolsVersion = 14.0;
						TestTargetID = D0BA2F4A28B48F7C00A2EE72;
					};
				};
			};
			buildConfigurationList = D0BA2F4628B48F7C00A2EE72 /* Build configuration list for PBXProject "Muscle-Peeling-App" */;
			compatibilityVersion = "Xcode 13.0";
			developmentRegion = en;
			hasScannedForEncodings = 0;
			knownRegions = (
				en,
				Base,
			);
			mainGroup = D0BA2F4228B48F7C00A2EE72;
			productRefGroup = D0BA2F4C28B48F7C00A2EE72 /* Products */;
			projectDirPath = "";
			projectRoot = "";
			targets = (
				D0BA2F4A28B48F7C00A2EE72 /* Muscle-Peeling-App */,
				D0BA2F5A28B48F7D00A2EE72 /* Muscle-Peeling-AppTests */,
				D0BA2F6428B48F7D00A2EE72 /* Muscle-Peeling-AppUITests */,
			);
		};
/* End PBXProject section */

/* Begin PBXResourcesBuildPhase section */
		D0BA2F4928B48F7C00A2EE72 /* Resources */ = {
			isa = PBXResourcesBuildPhase;
			buildActionMask = 2147483647;
			files = (
				D0BA2F5628B48F7D00A2EE72 /* Preview Assets.xcassets in Resources */,
				D0BA2F5328B48F7D00A2EE72 /* Assets.xcassets in Resources */,
			);
			runOnlyForDeploymentPostprocessing = 0;
		};
		D0BA2F5928B48F7D00A2EE72 /* Resources */ = {
			isa = PBXResourcesBuildPhase;
			buildActionMask = 2147483647;
			files = (
			);
			runOnlyForDeploymentPostprocessing = 0;
		};
		D0BA2F6328B48F7D00A2EE72 /* Resources */ = {
			isa = PBXResourcesBuildPhase;
			buildActionMask = 2147483647;
			files = (
			);
			runOnlyForDeploymentPostprocessing = 0;
		};
/* End PBXResourcesBuildPhase section */

/* Begin PBXSourcesBuildPhase section */
		D0BA2F4728B48F7C00A2EE72 /* Sources */ = {
			isa = PBXSourcesBuildPhase;
			buildActionMask = 2147483647;
			files = (
				D0BA2F5128B48F7C00A2EE72 /* ContentView.swift in Sources */,
				D0BA2F4F28B48F7C00A2EE72 /* Muscle_Peeling_AppApp.swift in Sources */,
			);
			runOnlyForDeploymentPostprocessing = 0;
		};
		D0BA2F5728B48F7D00A2EE72 /* Sources */ = {
			isa = PBXSourcesBuildPhase;
			buildActionMask = 2147483647;
			files = (
			);
			runOnlyForDeploymentPostprocessing = 0;
		};
		D0BA2F6128B48F7D00A2EE72 /* Sources */ = {
			isa = PBXSourcesBuildPhase;
			buildActionMask = 2147483647;
			files = (
			);
			runOnlyForDeploymentPostprocessing = 0;
		};
/* End PBXSourcesBuildPhase section */

/* Begin PBXTargetDependency section */
		D0BA2F5D28B48F7D00A2EE72 /* PBXTargetDependency */ = {
			isa = PBXTargetDependency;
			target = D0BA2F4A28B48F7C00A2EE72 /* Muscle-Peeling-App */;
			targetProxy = D0BA2F5C28B48F7D00A2EE72 /* PBXContainerItemProxy */;
		};
		D0BA2F6728B48F7D00A2EE72 /* PBXTargetDependency */ = {
			isa = PBXTargetDependency;
			target = D0BA2F4A28B48F7C00A2EE72 /* Muscle-Peeling-App */;
			targetProxy = D0BA2F6628B48F7D00A2EE72 /* PBXContainerItemProxy */;
		};
/* End PBXTargetDependency section */

/* Begin XCBuildConfiguration section */
		D0BA2F6D28B48F7D00A2EE72 /* Debug */ = {
			isa = XCBuildConfiguration;
			buildSettings = {
				ALWAYS_SEARCH_USER_PATHS = NO;
				CLANG_ANALYZER_NONNULL = YES;
				CLANG_ANALYZER_NUMBER_OBJECT_CONVERSION = YES_AGGRESSIVE;
				CLANG_CXX_LANGUAGE_STANDARD = "gnu++20";
				CLANG_ENABLE_MODULES = YES;
				CLANG_ENABLE_OBJC_ARC = YES;
				CLANG_ENABLE_OBJC_WEAK = YES;
				CLANG_WARN_BLOCK_CAPTURE_AUTORELEASING = YES;
				CLANG_WARN_BOOL_CONVERSION = YES;
				CLANG_WARN_COMMA = YES;
				CLANG_WARN_CONSTANT_CONVERSION = YES;
				CLANG_WARN_DEPRECATED_OBJC_IMPLEMENTATIONS = YES;
				CLANG_WARN_DIRECT_OBJC_ISA_USAGE = YES_ERROR;
				CLANG_WARN_DOCUMENTATION_COMMENTS = YES;
				CLANG_WARN_EMPTY_BODY = YES;
				CLANG_WARN_ENUM_CONVERSION = YES;
				CLANG_WARN_INFINITE_RECURSION = YES;
				CLANG_WARN_INT_CONVERSION = YES;
				CLANG_WARN_NON_LITERAL_NULL_CONVERSION = YES;
				CLANG_WARN_OBJC_IMPLICIT_RETAIN_SELF = YES;
				CLANG_WARN_OBJC_LITERAL_CONVERSION = YES;
				CLANG_WARN_OBJC_ROOT_CLASS = YES_ERROR;
				CLANG_WARN_QUOTED_INCLUDE_IN_FRAMEWORK_HEADER = YES;
				CLANG_WARN_RANGE_LOOP_ANALYSIS = YES;
				CLANG_WARN_STRICT_PROTOTYPES = YES;
				CLANG_WARN_SUSPICIOUS_MOVE = YES;
				CLANG_WARN_UNGUARDED_AVAILABILITY = YES_AGGRESSIVE;
				CLANG_WARN_UNREACHABLE_CODE = YES;
				CLANG_WARN__DUPLICATE_METHOD_MATCH = YES;
				COPY_PHASE_STRIP = NO;
				DEBUG_INFORMATION_FORMAT = dwarf;
				ENABLE_STRICT_OBJC_MSGSEND = YES;
				ENABLE_TESTABILITY = YES;
				GCC_C_LANGUAGE_STANDARD = gnu11;
				GCC_DYNAMIC_NO_PIC = NO;
				GCC_NO_COMMON_BLOCKS = YES;
				GCC_OPTIMIZATION_LEVEL = 0;
				GCC_PREPROCESSOR_DEFINITIONS = (
					"DEBUG=1",
					"$(inherited)",
				);
				GCC_WARN_64_TO_32_BIT_CONVERSION = YES;
				GCC_WARN_ABOUT_RETURN_TYPE = YES_ERROR;
				GCC_WARN_UNDECLARED_SELECTOR = YES;
				GCC_WARN_UNINITIALIZED_AUTOS = YES_AGGRESSIVE;
				GCC_WARN_UNUSED_FUNCTION = YES;
				GCC_WARN_UNUSED_VARIABLE = YES;
				IPHONEOS_DEPLOYMENT_TARGET = 16.0;
				MTL_ENABLE_DEBUG_INFO = INCLUDE_SOURCE;
				MTL_FAST_MATH = YES;
				ONLY_ACTIVE_ARCH = YES;
				SDKROOT = iphoneos;
				SWIFT_ACTIVE_COMPILATION_CONDITIONS = DEBUG;
				SWIFT_OPTIMIZATION_LEVEL = "-Onone";
			};
			name = Debug;
		};
		D0BA2F6E28B48F7D00A2EE72 /* Release */ = {
			isa = XCBuildConfiguration;
			buildSettings = {
				ALWAYS_SEARCH_USER_PATHS = NO;
				CLANG_ANALYZER_NONNULL = YES;
				CLANG_ANALYZER_NUMBER_OBJECT_CONVERSION = YES_AGGRESSIVE;
				CLANG_CXX_LANGUAGE_STANDARD = "gnu++20";
				CLANG_ENABLE_MODULES = YES;
				CLANG_ENABLE_OBJC_ARC = YES;
				CLANG_ENABLE_OBJC_WEAK = YES;
				CLANG_WARN_BLOCK_CAPTURE_AUTORELEASING = YES;
				CLANG_WARN_BOOL_CONVERSION = YES;
				CLANG_WARN_COMMA = YES;
				CLANG_WARN_CONSTANT_CONVERSION = YES;
				CLANG_WARN_DEPRECATED_OBJC_IMPLEMENTATIONS = YES;
				CLANG_WARN_DIRECT_OBJC_ISA_USAGE = YES_ERROR;
				CLANG_WARN_DOCUMENTATION_COMMENTS = YES;
				CLANG_WARN_EMPTY_BODY = YES;
				CLANG_WARN_ENUM_CONVERSION = YES;
				CLANG_WARN_INFINITE_RECURSION = YES;
				CLANG_WARN_INT_CONVERSION = YES;
				CLANG_WARN_NON_LITERAL_NULL_CONVERSION = YES;
				CLANG_WARN_OBJC_IMPLICIT_RETAIN_SELF = YES;
				CLANG_WARN_OBJC_LITERAL_CONVERSION = YES;
				CLANG_WARN_OBJC_ROOT_CLASS = YES_ERROR;
				CLANG_WARN_QUOTED_INCLUDE_IN_FRAMEWORK_HEADER = YES;
				CLANG_WARN_RANGE_LOOP_ANALYSIS = YES;
				CLANG_WARN_STRICT_PROTOTYPES = YES;
				CLANG_WARN_SUSPICIOUS_MOVE = YES;
				CLANG_WARN_UNGUARDED_AVAILABILITY = YES_AGGRESSIVE;
				CLANG_WARN_UNREACHABLE_CODE = YES;
				CLANG_WARN__DUPLICATE_METHOD_MATCH = YES;
				COPY_PHASE_STRIP = NO;
				DEBUG_INFORMATION_FORMAT = "dwarf-with-dsym";
				ENABLE_NS_ASSERTIONS = NO;
				ENABLE_STRICT_OBJC_MSGSEND = YES;
				GCC_C_LANGUAGE_STANDARD = gnu11;
				GCC_NO_COMMON_BLOCKS = YES;
				GCC_WARN_64_TO_32_BIT_CONVERSION = YES;
				GCC_WARN_ABOUT_RETURN_TYPE = YES_ERROR;
				GCC_WARN_UNDECLARED_SELECTOR = YES;
				GCC_WARN_UNINITIALIZED_AUTOS = YES_AGGRESSIVE;
				GCC_WARN_UNUSED_FUNCTION = YES;
				GCC_WARN_UNUSED_VARIABLE = YES;
				IPHONEOS_DEPLOYMENT_TARGET = 16.0;
				MTL_ENABLE_DEBUG_INFO = NO;
				MTL_FAST_MATH = YES;
				SDKROOT = iphoneos;
				SWIFT_COMPILATION_MODE = wholemodule;
				SWIFT_OPTIMIZATION_LEVEL = "-O";
				VALIDATE_PRODUCT = YES;
			};
			name = Release;
		};
		D0BA2F7028B48F7D00A2EE72 /* Debug */ = {
			isa = XCBuildConfiguration;
			buildSettings = {
				ASSETCATALOG_COMPILER_APPICON_NAME = AppIcon;
				ASSETCATALOG_COMPILER_GLOBAL_ACCENT_COLOR_NAME = AccentColor;
				CODE_SIGN_STYLE = Automatic;
				CURRENT_PROJECT_VERSION = 1;
				DEVELOPMENT_ASSET_PATHS = "\"Muscle-Peeling-App/Preview Content\"";
				DEVELOPMENT_TEAM = UK3QAQ2MSD;
				ENABLE_PREVIEWS = YES;
				GENERATE_INFOPLIST_FILE = YES;
				INFOPLIST_KEY_UIApplicationSceneManifest_Generation = YES;
				INFOPLIST_KEY_UIApplicationSupportsIndirectInputEvents = YES;
				INFOPLIST_KEY_UILaunchScreen_Generation = YES;
				INFOPLIST_KEY_UISupportedInterfaceOrientations_iPad = "UIInterfaceOrientationPortrait UIInterfaceOrientationPortraitUpsideDown UIInterfaceOrientationLandscapeLeft UIInterfaceOrientationLandscapeRight";
				INFOPLIST_KEY_UISupportedInterfaceOrientations_iPhone = "UIInterfaceOrientationPortrait UIInterfaceOrientationLandscapeLeft UIInterfaceOrientationLandscapeRight";
				LD_RUNPATH_SEARCH_PATHS = (
					"$(inherited)",
					"@executable_path/Frameworks",
				);
				MARKETING_VERSION = 1.0;
				PRODUCT_BUNDLE_IDENTIFIER = "jp.ac.jec.cm.Muscle-Peeling-App";
				PRODUCT_NAME = "$(TARGET_NAME)";
				SWIFT_EMIT_LOC_STRINGS = YES;
				SWIFT_VERSION = 5.0;
				TARGETED_DEVICE_FAMILY = "1,2";
			};
			name = Debug;
		};
		D0BA2F7128B48F7D00A2EE72 /* Release */ = {
			isa = XCBuildConfiguration;
			buildSettings = {
				ASSETCATALOG_COMPILER_APPICON_NAME = AppIcon;
				ASSETCATALOG_COMPILER_GLOBAL_ACCENT_COLOR_NAME = AccentColor;
				CODE_SIGN_STYLE = Automatic;
				CURRENT_PROJECT_VERSION = 1;
				DEVELOPMENT_ASSET_PATHS = "\"Muscle-Peeling-App/Preview Content\"";
				DEVELOPMENT_TEAM = UK3QAQ2MSD;
				ENABLE_PREVIEWS = YES;
				GENERATE_INFOPLIST_FILE = YES;
				INFOPLIST_KEY_UIApplicationSceneManifest_Generation = YES;
				INFOPLIST_KEY_UIApplicationSupportsIndirectInputEvents = YES;
				INFOPLIST_KEY_UILaunchScreen_Generation = YES;
				INFOPLIST_KEY_UISupportedInterfaceOrientations_iPad = "UIInterfaceOrientationPortrait UIInterfaceOrientationPortraitUpsideDown UIInterfaceOrientationLandscapeLeft UIInterfaceOrientationLandscapeRight";
				INFOPLIST_KEY_UISupportedInterfaceOrientations_iPhone = "UIInterfaceOrientationPortrait UIInterfaceOrientationLandscapeLeft UIInterfaceOrientationLandscapeRight";
				LD_RUNPATH_SEARCH_PATHS = (
					"$(inherited)",
					"@executable_path/Frameworks",
				);
				MARKETING_VERSION = 1.0;
				PRODUCT_BUNDLE_IDENTIFIER = "jp.ac.jec.cm.Muscle-Peeling-App";
				PRODUCT_NAME = "$(TARGET_NAME)";
				SWIFT_EMIT_LOC_STRINGS = YES;
				SWIFT_VERSION = 5.0;
				TARGETED_DEVICE_FAMILY = "1,2";
			};
			name = Release;
		};
		D0BA2F7328B48F7D00A2EE72 /* Debug */ = {
			isa = XCBuildConfiguration;
			buildSettings = {
				ALWAYS_EMBED_SWIFT_STANDARD_LIBRARIES = YES;
				BUNDLE_LOADER = "$(TEST_HOST)";
				CODE_SIGN_STYLE = Automatic;
				CURRENT_PROJECT_VERSION = 1;
				DEVELOPMENT_TEAM = UK3QAQ2MSD;
				GENERATE_INFOPLIST_FILE = YES;
				IPHONEOS_DEPLOYMENT_TARGET = 16.0;
				MARKETING_VERSION = 1.0;
				PRODUCT_BUNDLE_IDENTIFIER = "jp.ac.jec.cm.Muscle-Peeling-AppTests";
				PRODUCT_NAME = "$(TARGET_NAME)";
				SWIFT_EMIT_LOC_STRINGS = NO;
				SWIFT_VERSION = 5.0;
				TARGETED_DEVICE_FAMILY = "1,2";
				TEST_HOST = "$(BUILT_PRODUCTS_DIR)/Muscle-Peeling-App.app/$(BUNDLE_EXECUTABLE_FOLDER_PATH)/Muscle-Peeling-App";
			};
			name = Debug;
		};
		D0BA2F7428B48F7D00A2EE72 /* Release */ = {
			isa = XCBuildConfiguration;
			buildSettings = {
				ALWAYS_EMBED_SWIFT_STANDARD_LIBRARIES = YES;
				BUNDLE_LOADER = "$(TEST_HOST)";
				CODE_SIGN_STYLE = Automatic;
				CURRENT_PROJECT_VERSION = 1;
				DEVELOPMENT_TEAM = UK3QAQ2MSD;
				GENERATE_INFOPLIST_FILE = YES;
				IPHONEOS_DEPLOYMENT_TARGET = 16.0;
				MARKETING_VERSION = 1.0;
				PRODUCT_BUNDLE_IDENTIFIER = "jp.ac.jec.cm.Muscle-Peeling-AppTests";
				PRODUCT_NAME = "$(TARGET_NAME)";
				SWIFT_EMIT_LOC_STRINGS = NO;
				SWIFT_VERSION = 5.0;
				TARGETED_DEVICE_FAMILY = "1,2";
				TEST_HOST = "$(BUILT_PRODUCTS_DIR)/Muscle-Peeling-App.app/$(BUNDLE_EXECUTABLE_FOLDER_PATH)/Muscle-Peeling-App";
			};
			name = Release;
		};
		D0BA2F7628B48F7D00A2EE72 /* Debug */ = {
			isa = XCBuildConfiguration;
			buildSettings = {
				ALWAYS_EMBED_SWIFT_STANDARD_LIBRARIES = YES;
				CODE_SIGN_STYLE = Automatic;
				CURRENT_PROJECT_VERSION = 1;
				DEVELOPMENT_TEAM = UK3QAQ2MSD;
				GENERATE_INFOPLIST_FILE = YES;
				MARKETING_VERSION = 1.0;
				PRODUCT_BUNDLE_IDENTIFIER = "jp.ac.jec.cm.Muscle-Peeling-AppUITests";
				PRODUCT_NAME = "$(TARGET_NAME)";
				SWIFT_EMIT_LOC_STRINGS = NO;
				SWIFT_VERSION = 5.0;
				TARGETED_DEVICE_FAMILY = "1,2";
				TEST_TARGET_NAME = "Muscle-Peeling-App";
			};
			name = Debug;
		};
		D0BA2F7728B48F7D00A2EE72 /* Release */ = {
			isa = XCBuildConfiguration;
			buildSettings = {
				ALWAYS_EMBED_SWIFT_STANDARD_LIBRARIES = YES;
				CODE_SIGN_STYLE = Automatic;
				CURRENT_PROJECT_VERSION = 1;
				DEVELOPMENT_TEAM = UK3QAQ2MSD;
				GENERATE_INFOPLIST_FILE = YES;
				MARKETING_VERSION = 1.0;
				PRODUCT_BUNDLE_IDENTIFIER = "jp.ac.jec.cm.Muscle-Peeling-AppUITests";
				PRODUCT_NAME = "$(TARGET_NAME)";
				SWIFT_EMIT_LOC_STRINGS = NO;
				SWIFT_VERSION = 5.0;
				TARGETED_DEVICE_FAMILY = "1,2";
				TEST_TARGET_NAME = "Muscle-Peeling-App";
			};
			name = Release;
		};
/* End XCBuildConfiguration section */

/* Begin XCConfigurationList section */
		D0BA2F4628B48F7C00A2EE72 /* Build configuration list for PBXProject "Muscle-Peeling-App" */ = {
			isa = XCConfigurationList;
			buildConfigurations = (
				D0BA2F6D28B48F7D00A2EE72 /* Debug */,
				D0BA2F6E28B48F7D00A2EE72 /* Release */,
			);
			defaultConfigurationIsVisible = 0;
			defaultConfigurationName = Release;
		};
		D0BA2F6F28B48F7D00A2EE72 /* Build configuration list for PBXNativeTarget "Muscle-Peeling-App" */ = {
			isa = XCConfigurationList;
			buildConfigurations = (
				D0BA2F7028B48F7D00A2EE72 /* Debug */,
				D0BA2F7128B48F7D00A2EE72 /* Release */,
			);
			defaultConfigurationIsVisible = 0;
			defaultConfigurationName = Release;
		};
		D0BA2F7228B48F7D00A2EE72 /* Build configuration list for PBXNativeTarget "Muscle-Peeling-AppTests" */ = {
			isa = XCConfigurationList;
			buildConfigurations = (
				D0BA2F7328B48F7D00A2EE72 /* Debug */,
				D0BA2F7428B48F7D00A2EE72 /* Release */,
			);
			defaultConfigurationIsVisible = 0;
			defaultConfigurationName = Release;
		};
		D0BA2F7528B48F7D00A2EE72 /* Build configuration list for PBXNativeTarget "Muscle-Peeling-AppUITests" */ = {
			isa = XCConfigurationList;
			buildConfigurations = (
				D0BA2F7628B48F7D00A2EE72 /* Debug */,
				D0BA2F7728B48F7D00A2EE72 /* Release */,
			);
			defaultConfigurationIsVisible = 0;
			defaultConfigurationName = Release;
		};
/* End XCConfigurationList section */
	};
	rootObject = D0BA2F4328B48F7C00A2EE72 /* Project object */;
}
